
Microsoft Visual Studio Solution File, Format Version 12.00
# Visual Studio 15
VisualStudioVersion = 15.0.27703.2026
MinimumVisualStudioVersion = 10.0.40219.1
Project("{FAE04EC0-301F-11D3-BF4B-00C04F79EFBC}") = "2-ObserverPattern", "2-ObserverPattern\2-ObserverPattern.csproj", "{C70771E3-6ABF-4088-BCC4-0B8BBF4563A2}"
EndProject
Global
	GlobalSection(SolutionConfigurationPlatforms) = preSolution
		Debug|Any CPU = Debug|Any CPU
		Release|Any CPU = Release|Any CPU
	EndGlobalSection
	GlobalSection(ProjectConfigurationPlatforms) = postSolution
		{C70771E3-6ABF-4088-BCC4-0B8BBF4563A2}.Debug|Any CPU.ActiveCfg = Debug|Any CPU
		{C70771E3-6ABF-4088-BCC4-0B8BBF4563A2}.Debug|Any CPU.Build.0 = Debug|Any CPU
		{C70771E3-6ABF-4088-BCC4-0B8BBF4563A2}.Release|Any CPU.ActiveCfg = Release|Any CPU
		{C70771E3-6ABF-4088-BCC4-0B8BBF4563A2}.Release|Any CPU.Build.0 = Release|Any CPU
	EndGlobalSection
	GlobalSection(SolutionProperties) = preSolution
		HideSolutionNode = FALSE
	EndGlobalSection
	GlobalSection(ExtensibilityGlobals) = postSolution
		SolutionGuid = {9F6E25A9-FF2D-44FD-BA0C-46FCA76DAF16}
	EndGlobalSection
EndGlobal
